
Microsoft Visual Studio Solution File, Format Version 12.00
# Visual Studio 15
VisualStudioVersion = 15.0.28307.168
MinimumVisualStudioVersion = 10.0.40219.1
Project("{FAE04EC0-301F-11D3-BF4B-00C04F79EFBC}") = "ContosoUniversity", "ContosoUniversity\ContosoUniversity.csproj", "{724D1D9B-0EE5-487C-A420-620105ABF277}"
EndProject
Global
	GlobalSection(SolutionConfigurationPlatforms) = preSolution
		Debug|Any CPU = Debug|Any CPU
		Release|Any CPU = Release|Any CPU
	EndGlobalSection
	GlobalSection(ProjectConfigurationPlatforms) = postSolution
		{724D1D9B-0EE5-487C-A420-620105ABF277}.Debug|Any CPU.ActiveCfg = Debug|Any CPU
		{724D1D9B-0EE5-487C-A420-620105ABF277}.Debug|Any CPU.Build.0 = Debug|Any CPU
		{724D1D9B-0EE5-487C-A420-620105ABF277}.Release|Any CPU.ActiveCfg = Release|Any CPU
		{724D1D9B-0EE5-487C-A420-620105ABF277}.Release|Any CPU.Build.0 = Release|Any CPU
	EndGlobalSection
	GlobalSection(SolutionProperties) = preSolution
		HideSolutionNode = FALSE
	EndGlobalSection
	GlobalSection(ExtensibilityGlobals) = postSolution
		SolutionGuid = {377D1983-3B68-484D-98CD-2AE9CD49D85C}
	EndGlobalSection
EndGlobal
